
Microsoft Visual Studio Solution File, Format Version 12.00
# Visual Studio Version 17
VisualStudioVersion = 17.11.35312.102
MinimumVisualStudioVersion = 10.0.40219.1
Project("{9A19103F-16F7-4668-BE54-9A1E7A4F7556}") = "AOC2401", "AOC2401\AOC2401.csproj", "{B139941B-4D95-4C52-AEA4-1FA4F881F9A6}"
EndProject
Project("{2150E333-8FDC-42A3-9474-1A3956D46DE8}") = "2024", "2024", "{C774DA65-EF2C-483B-8495-D658EDB670E4}"
EndProject
Project("{9A19103F-16F7-4668-BE54-9A1E7A4F7556}") = "AOC2402", "AOC2402\AOC2402.csproj", "{527A8CEC-2C2B-4AD9-B61A-08BFBD8959F9}"
EndProject
Project("{9A19103F-16F7-4668-BE54-9A1E7A4F7556}") = "AOC2403", "AOC2403\AOC2403.csproj", "{33BC2B87-E610-402E-A611-36005C52009D}"
EndProject
Project("{2150E333-8FDC-42A3-9474-1A3956D46DE8}") = "Inputs", "Inputs", "{85860591-5D87-4475-943F-C14D1D2997C7}"
	ProjectSection(SolutionItems) = preProject
		Inputs\Input01.txt = Inputs\Input01.txt
		Inputs\Input02.txt = Inputs\Input02.txt
		Inputs\Input03.txt = Inputs\Input03.txt
		Input04.txt = Input04.txt
		Inputs\Test01.txt = Inputs\Test01.txt
		Inputs\Test02.txt = Inputs\Test02.txt
		Inputs\Test03.txt = Inputs\Test03.txt
		Test04.txt = Test04.txt
	EndProjectSection
EndProject
Project("{FAE04EC0-301F-11D3-BF4B-00C04F79EFBC}") = "AOC2404", "AOC2404\AOC2404.csproj", "{F95AA193-6527-4379-B959-0EB46816A719}"
EndProject
Global
	GlobalSection(SolutionConfigurationPlatforms) = preSolution
		Debug|Any CPU = Debug|Any CPU
		Release|Any CPU = Release|Any CPU
	EndGlobalSection
	GlobalSection(ProjectConfigurationPlatforms) = postSolution
		{B139941B-4D95-4C52-AEA4-1FA4F881F9A6}.Debug|Any CPU.ActiveCfg = Debug|Any CPU
		{B139941B-4D95-4C52-AEA4-1FA4F881F9A6}.Debug|Any CPU.Build.0 = Debug|Any CPU
		{B139941B-4D95-4C52-AEA4-1FA4F881F9A6}.Release|Any CPU.ActiveCfg = Release|Any CPU
		{B139941B-4D95-4C52-AEA4-1FA4F881F9A6}.Release|Any CPU.Build.0 = Release|Any CPU
		{527A8CEC-2C2B-4AD9-B61A-08BFBD8959F9}.Debug|Any CPU.ActiveCfg = Debug|Any CPU
		{527A8CEC-2C2B-4AD9-B61A-08BFBD8959F9}.Debug|Any CPU.Build.0 = Debug|Any CPU
		{527A8CEC-2C2B-4AD9-B61A-08BFBD8959F9}.Release|Any CPU.ActiveCfg = Release|Any CPU
		{527A8CEC-2C2B-4AD9-B61A-08BFBD8959F9}.Release|Any CPU.Build.0 = Release|Any CPU
		{33BC2B87-E610-402E-A611-36005C52009D}.Debug|Any CPU.ActiveCfg = Debug|Any CPU
		{33BC2B87-E610-402E-A611-36005C52009D}.Debug|Any CPU.Build.0 = Debug|Any CPU
		{33BC2B87-E610-402E-A611-36005C52009D}.Release|Any CPU.ActiveCfg = Release|Any CPU
		{33BC2B87-E610-402E-A611-36005C52009D}.Release|Any CPU.Build.0 = Release|Any CPU
		{F95AA193-6527-4379-B959-0EB46816A719}.Debug|Any CPU.ActiveCfg = Debug|Any CPU
		{F95AA193-6527-4379-B959-0EB46816A719}.Debug|Any CPU.Build.0 = Debug|Any CPU
		{F95AA193-6527-4379-B959-0EB46816A719}.Release|Any CPU.ActiveCfg = Release|Any CPU
		{F95AA193-6527-4379-B959-0EB46816A719}.Release|Any CPU.Build.0 = Release|Any CPU
	EndGlobalSection
	GlobalSection(SolutionProperties) = preSolution
		HideSolutionNode = FALSE
	EndGlobalSection
	GlobalSection(NestedProjects) = preSolution
		{B139941B-4D95-4C52-AEA4-1FA4F881F9A6} = {C774DA65-EF2C-483B-8495-D658EDB670E4}
		{527A8CEC-2C2B-4AD9-B61A-08BFBD8959F9} = {C774DA65-EF2C-483B-8495-D658EDB670E4}
		{33BC2B87-E610-402E-A611-36005C52009D} = {C774DA65-EF2C-483B-8495-D658EDB670E4}
		{85860591-5D87-4475-943F-C14D1D2997C7} = {C774DA65-EF2C-483B-8495-D658EDB670E4}
	EndGlobalSection
	GlobalSection(ExtensibilityGlobals) = postSolution
		SolutionGuid = {EB14CEC2-06A0-4F0E-A355-57750836E2A3}
	EndGlobalSection
EndGlobal
